
Microsoft Visual Studio Solution File, Format Version 12.00
# Visual Studio Version 17
VisualStudioVersion = 17.3.32929.385
MinimumVisualStudioVersion = 10.0.40219.1
Project("{9A19103F-16F7-4668-BE54-9A1E7A4F7556}") = "P.HttpClient", "src\P.HttpClient\P.HttpClient.csproj", "{BA27A6D8-47F4-4503-9062-E4BBE929ED49}"
EndProject
Global
	GlobalSection(SolutionConfigurationPlatforms) = preSolution
		Debug|Any CPU = Debug|Any CPU
		Release|Any CPU = Release|Any CPU
	EndGlobalSection
	GlobalSection(ProjectConfigurationPlatforms) = postSolution
		{BA27A6D8-47F4-4503-9062-E4BBE929ED49}.Debug|Any CPU.ActiveCfg = Debug|Any CPU
		{BA27A6D8-47F4-4503-9062-E4BBE929ED49}.Debug|Any CPU.Build.0 = Debug|Any CPU
		{BA27A6D8-47F4-4503-9062-E4BBE929ED49}.Release|Any CPU.ActiveCfg = Release|Any CPU
		{BA27A6D8-47F4-4503-9062-E4BBE929ED49}.Release|Any CPU.Build.0 = Release|Any CPU
	EndGlobalSection
	GlobalSection(SolutionProperties) = preSolution
		HideSolutionNode = FALSE
	EndGlobalSection
	GlobalSection(ExtensibilityGlobals) = postSolution
		SolutionGuid = {03A12453-329D-4FDB-B4A2-1F8BCA7DB47E}
	EndGlobalSection
EndGlobal
